
Microsoft Visual Studio Solution File, Format Version 12.00
Project("{2150E333-8FDC-42A3-9474-1A3956D46DE8}") = "Libs", "Libs", "{A5C06AC5-5969-408B-BC54-938B9C1E33DE}"
EndProject
Project("{2150E333-8FDC-42A3-9474-1A3956D46DE8}") = "IdentityApi", "IdentityApi", "{D00CCEDE-5F12-4CE4-8749-B9B5B2CF98E0}"
EndProject
Project("{FAE04EC0-301F-11D3-BF4B-00C04F79EFBC}") = "Api", "Api\Api.csproj", "{CC74BF3F-4688-4E62-AC78-24CE28B38237}"
EndProject
Project("{FAE04EC0-301F-11D3-BF4B-00C04F79EFBC}") = "Core", "Core\Core.csproj", "{5680EC2D-04F9-4EEC-917C-661BBE3C4EB9}"
EndProject
Project("{FAE04EC0-301F-11D3-BF4B-00C04F79EFBC}") = "Dal", "Dal\Dal.csproj", "{DD42B4D9-64AC-4375-A3D5-A1055F315FBF}"
EndProject
Project("{FAE04EC0-301F-11D3-BF4B-00C04F79EFBC}") = "Logic", "Logic\Logic.csproj", "{6CD3CE4F-9567-46CD-901F-3845BCDCEC93}"
EndProject
Global
	GlobalSection(SolutionConfigurationPlatforms) = preSolution
		Debug|Any CPU = Debug|Any CPU
		Release|Any CPU = Release|Any CPU
	EndGlobalSection
	GlobalSection(ProjectConfigurationPlatforms) = postSolution
		{CC74BF3F-4688-4E62-AC78-24CE28B38237}.Debug|Any CPU.ActiveCfg = Debug|Any CPU
		{CC74BF3F-4688-4E62-AC78-24CE28B38237}.Debug|Any CPU.Build.0 = Debug|Any CPU
		{CC74BF3F-4688-4E62-AC78-24CE28B38237}.Release|Any CPU.ActiveCfg = Release|Any CPU
		{CC74BF3F-4688-4E62-AC78-24CE28B38237}.Release|Any CPU.Build.0 = Release|Any CPU
		{5680EC2D-04F9-4EEC-917C-661BBE3C4EB9}.Debug|Any CPU.ActiveCfg = Debug|Any CPU
		{5680EC2D-04F9-4EEC-917C-661BBE3C4EB9}.Debug|Any CPU.Build.0 = Debug|Any CPU
		{5680EC2D-04F9-4EEC-917C-661BBE3C4EB9}.Release|Any CPU.ActiveCfg = Release|Any CPU
		{5680EC2D-04F9-4EEC-917C-661BBE3C4EB9}.Release|Any CPU.Build.0 = Release|Any CPU
		{DD42B4D9-64AC-4375-A3D5-A1055F315FBF}.Debug|Any CPU.ActiveCfg = Debug|Any CPU
		{DD42B4D9-64AC-4375-A3D5-A1055F315FBF}.Debug|Any CPU.Build.0 = Debug|Any CPU
		{DD42B4D9-64AC-4375-A3D5-A1055F315FBF}.Release|Any CPU.ActiveCfg = Release|Any CPU
		{DD42B4D9-64AC-4375-A3D5-A1055F315FBF}.Release|Any CPU.Build.0 = Release|Any CPU
		{6CD3CE4F-9567-46CD-901F-3845BCDCEC93}.Debug|Any CPU.ActiveCfg = Debug|Any CPU
		{6CD3CE4F-9567-46CD-901F-3845BCDCEC93}.Debug|Any CPU.Build.0 = Debug|Any CPU
		{6CD3CE4F-9567-46CD-901F-3845BCDCEC93}.Release|Any CPU.ActiveCfg = Release|Any CPU
		{6CD3CE4F-9567-46CD-901F-3845BCDCEC93}.Release|Any CPU.Build.0 = Release|Any CPU
	EndGlobalSection
	GlobalSection(NestedProjects) = preSolution
		{CC74BF3F-4688-4E62-AC78-24CE28B38237} = {D00CCEDE-5F12-4CE4-8749-B9B5B2CF98E0}
		{5680EC2D-04F9-4EEC-917C-661BBE3C4EB9} = {A5C06AC5-5969-408B-BC54-938B9C1E33DE}
		{DD42B4D9-64AC-4375-A3D5-A1055F315FBF} = {D00CCEDE-5F12-4CE4-8749-B9B5B2CF98E0}
		{6CD3CE4F-9567-46CD-901F-3845BCDCEC93} = {D00CCEDE-5F12-4CE4-8749-B9B5B2CF98E0}
	EndGlobalSection
EndGlobal
